// !$*UTF8*$!
{
	archiveVersion = 1;
	classes = {
	};
	objectVersion = 55;
	objects = {

/* Begin PBXBuildFile section */
		AD1528F8276E8A46005AD926 /* AppDelegate.swift in Sources */ = {isa = PBXBuildFile; fileRef = AD1528F7276E8A46005AD926 /* AppDelegate.swift */; };
		AD1528FA276E8A46005AD926 /* SceneDelegate.swift in Sources */ = {isa = PBXBuildFile; fileRef = AD1528F9276E8A46005AD926 /* SceneDelegate.swift */; };
		AD1528FC276E8A46005AD926 /* WeatherViewController.swift in Sources */ = {isa = PBXBuildFile; fileRef = AD1528FB276E8A46005AD926 /* WeatherViewController.swift */; };
		AD152901276E8A4A005AD926 /* Assets.xcassets in Resources */ = {isa = PBXBuildFile; fileRef = AD152900276E8A4A005AD926 /* Assets.xcassets */; };
		AD152904276E8A4A005AD926 /* LaunchScreen.storyboard in Resources */ = {isa = PBXBuildFile; fileRef = AD152902276E8A4A005AD926 /* LaunchScreen.storyboard */; };
		AD152912276E8B3A005AD926 /* NetworkManager.swift in Sources */ = {isa = PBXBuildFile; fileRef = AD152911276E8B3A005AD926 /* NetworkManager.swift */; };
		AD152914276E8BAE005AD926 /* Weather.swift in Sources */ = {isa = PBXBuildFile; fileRef = AD152913276E8BAE005AD926 /* Weather.swift */; };
		AD152916277126B4005AD926 /* CityChooseViewController.swift in Sources */ = {isa = PBXBuildFile; fileRef = AD152915277126B4005AD926 /* CityChooseViewController.swift */; };
		AD3A692827F7AC0000B73D5C /* Main.storyboard in Resources */ = {isa = PBXBuildFile; fileRef = AD1528FD276E8A46005AD926 /* Main.storyboard */; };
		AD41BEEB2778FB9700715E6C /* CitiesList.xcdatamodeld in Sources */ = {isa = PBXBuildFile; fileRef = AD41BEE92778FB9700715E6C /* CitiesList.xcdatamodeld */; };
		AD41BEEE2778FC2900715E6C /* StorageManager.swift in Sources */ = {isa = PBXBuildFile; fileRef = AD41BEED2778FC2900715E6C /* StorageManager.swift */; };
		AD6EF65D2773B1BE0054CB79 /* Cities.swift in Sources */ = {isa = PBXBuildFile; fileRef = AD6EF65C2773B1BE0054CB79 /* Cities.swift */; };
/* End PBXBuildFile section */

/* Begin PBXFileReference section */
		51EABB9994A9A7C913844F74 /* Pods-WeatherApp.release.xcconfig */ = {isa = PBXFileReference; includeInIndex = 1; lastKnownFileType = text.xcconfig; name = "Pods-WeatherApp.release.xcconfig"; path = "Target Support Files/Pods-WeatherApp/Pods-WeatherApp.release.xcconfig"; sourceTree = "<group>"; };
		6C206214DCA8C55B0BE3B322 /* Pods-WeatherApp.debug.xcconfig */ = {isa = PBXFileReference; includeInIndex = 1; lastKnownFileType = text.xcconfig; name = "Pods-WeatherApp.debug.xcconfig"; path = "Target Support Files/Pods-WeatherApp/Pods-WeatherApp.debug.xcconfig"; sourceTree = "<group>"; };
		AD1528F4276E8A46005AD926 /* WeatherApp.app */ = {isa = PBXFileReference; explicitFileType = wrapper.application; includeInIndex = 0; path = WeatherApp.app; sourceTree = BUILT_PRODUCTS_DIR; };
		AD1528F7276E8A46005AD926 /* AppDelegate.swift */ = {isa = PBXFileReference; lastKnownFileType = sourcecode.swift; path = AppDelegate.swift; sourceTree = "<group>"; };
		AD1528F9276E8A46005AD926 /* SceneDelegate.swift */ = {isa = PBXFileReference; lastKnownFileType = sourcecode.swift; path = SceneDelegate.swift; sourceTree = "<group>"; };
		AD1528FB276E8A46005AD926 /* WeatherViewController.swift */ = {isa = PBXFileReference; lastKnownFileType = sourcecode.swift; path = WeatherViewController.swift; sourceTree = "<group>"; };
		AD1528FE276E8A46005AD926 /* Base */ = {isa = PBXFileReference; lastKnownFileType = file.storyboard; name = Base; path = Base.lproj/Main.storyboard; sourceTree = "<group>"; };
		AD152900276E8A4A005AD926 /* Assets.xcassets */ = {isa = PBXFileReference; lastKnownFileType = folder.assetcatalog; path = Assets.xcassets; sourceTree = "<group>"; };
		AD152903276E8A4A005AD926 /* Base */ = {isa = PBXFileReference; lastKnownFileType = file.storyboard; name = Base; path = Base.lproj/LaunchScreen.storyboard; sourceTree = "<group>"; };
		AD152905276E8A4A005AD926 /* Info.plist */ = {isa = PBXFileReference; lastKnownFileType = text.plist.xml; path = Info.plist; sourceTree = "<group>"; };
		AD152911276E8B3A005AD926 /* NetworkManager.swift */ = {isa = PBXFileReference; lastKnownFileType = sourcecode.swift; path = NetworkManager.swift; sourceTree = "<group>"; };
		AD152913276E8BAE005AD926 /* Weather.swift */ = {isa = PBXFileReference; lastKnownFileType = sourcecode.swift; path = Weather.swift; sourceTree = "<group>"; };
		AD152915277126B4005AD926 /* CityChooseViewController.swift */ = {isa = PBXFileReference; lastKnownFileType = sourcecode.swift; path = CityChooseViewController.swift; sourceTree = "<group>"; };
		AD41BEEA2778FB9700715E6C /* CitiesList.xcdatamodel */ = {isa = PBXFileReference; lastKnownFileType = wrapper.xcdatamodel; path = CitiesList.xcdatamodel; sourceTree = "<group>"; };
		AD41BEED2778FC2900715E6C /* StorageManager.swift */ = {isa = PBXFileReference; lastKnownFileType = sourcecode.swift; path = StorageManager.swift; sourceTree = "<group>"; };
		AD6EF65C2773B1BE0054CB79 /* Cities.swift */ = {isa = PBXFileReference; lastKnownFileType = sourcecode.swift; path = Cities.swift; sourceTree = "<group>"; };
/* End PBXFileReference section */

/* Begin PBXFrameworksBuildPhase section */
		AD1528F1276E8A46005AD926 /* Frameworks */ = {
			isa = PBXFrameworksBuildPhase;
			buildActionMask = 2147483647;
			files = (
			);
			runOnlyForDeploymentPostprocessing = 0;
		};
/* End PBXFrameworksBuildPhase section */

/* Begin PBXGroup section */
		AD1528EB276E8A46005AD926 = {
			isa = PBXGroup;
			children = (
				AD1528F6276E8A46005AD926 /* WeatherApp */,
				AD1528F5276E8A46005AD926 /* Products */,
				AE1AD338AA6201CD66254162 /* Pods */,
			);
			sourceTree = "<group>";
		};
		AD1528F5276E8A46005AD926 /* Products */ = {
			isa = PBXGroup;
			children = (
				AD1528F4276E8A46005AD926 /* WeatherApp.app */,
			);
			name = Products;
			sourceTree = "<group>";
		};
		AD1528F6276E8A46005AD926 /* WeatherApp */ = {
			isa = PBXGroup;
			children = (
				AD41BEE82778FB7B00715E6C /* CoreData */,
				AD15291727712754005AD926 /* Views */,
				AD152910276E8B1A005AD926 /* Services */,
				AD15290F276E8B14005AD926 /* Model */,
				AD15290E276E8AF1005AD926 /* App */,
				AD15290B276E8AD1005AD926 /* ViewControllers */,
				AD15290C276E8ADB005AD926 /* StoryBoards */,
				AD15290D276E8AE8005AD926 /* Resources */,
			);
			path = WeatherApp;
			sourceTree = "<group>";
		};
		AD15290B276E8AD1005AD926 /* ViewControllers */ = {
			isa = PBXGroup;
			children = (
				AD1528FB276E8A46005AD926 /* WeatherViewController.swift */,
				AD152915277126B4005AD926 /* CityChooseViewController.swift */,
			);
			path = ViewControllers;
			sourceTree = "<group>";
		};
		AD15290C276E8ADB005AD926 /* StoryBoards */ = {
			isa = PBXGroup;
			children = (
				AD1528FD276E8A46005AD926 /* Main.storyboard */,
				AD152902276E8A4A005AD926 /* LaunchScreen.storyboard */,
			);
			path = StoryBoards;
			sourceTree = "<group>";
		};
		AD15290D276E8AE8005AD926 /* Resources */ = {
			isa = PBXGroup;
			children = (
				AD152900276E8A4A005AD926 /* Assets.xcassets */,
			);
			path = Resources;
			sourceTree = "<group>";
		};
		AD15290E276E8AF1005AD926 /* App */ = {
			isa = PBXGroup;
			children = (
				AD1528F7276E8A46005AD926 /* AppDelegate.swift */,
				AD1528F9276E8A46005AD926 /* SceneDelegate.swift */,
				AD152905276E8A4A005AD926 /* Info.plist */,
			);
			path = App;
			sourceTree = "<group>";
		};
		AD15290F276E8B14005AD926 /* Model */ = {
			isa = PBXGroup;
			children = (
				AD152913276E8BAE005AD926 /* Weather.swift */,
				AD6EF65C2773B1BE0054CB79 /* Cities.swift */,
			);
			path = Model;
			sourceTree = "<group>";
		};
		AD152910276E8B1A005AD926 /* Services */ = {
			isa = PBXGroup;
			children = (
				AD152911276E8B3A005AD926 /* NetworkManager.swift */,
				AD41BEED2778FC2900715E6C /* StorageManager.swift */,
			);
			path = Services;
			sourceTree = "<group>";
		};
		AD15291727712754005AD926 /* Views */ = {
			isa = PBXGroup;
			children = (
			);
			path = Views;
			sourceTree = "<group>";
		};
		AD41BEE82778FB7B00715E6C /* CoreData */ = {
			isa = PBXGroup;
			children = (
				AD41BEE92778FB9700715E6C /* CitiesList.xcdatamodeld */,
			);
			path = CoreData;
			sourceTree = "<group>";
		};
		AE1AD338AA6201CD66254162 /* Pods */ = {
			isa = PBXGroup;
			children = (
				6C206214DCA8C55B0BE3B322 /* Pods-WeatherApp.debug.xcconfig */,
				51EABB9994A9A7C913844F74 /* Pods-WeatherApp.release.xcconfig */,
			);
			path = Pods;
			sourceTree = "<group>";
		};
/* End PBXGroup section */

/* Begin PBXNativeTarget section */
		AD1528F3276E8A46005AD926 /* WeatherApp */ = {
			isa = PBXNativeTarget;
			buildConfigurationList = AD152908276E8A4A005AD926 /* Build configuration list for PBXNativeTarget "WeatherApp" */;
			buildPhases = (
				ADA42D80D1B26CA9AE8C3820 /* [CP] Check Pods Manifest.lock */,
				AD1528F0276E8A46005AD926 /* Sources */,
				AD1528F1276E8A46005AD926 /* Frameworks */,
				AD1528F2276E8A46005AD926 /* Resources */,
				4E69ECB79C8F6169F63B76D5 /* [CP] Embed Pods Frameworks */,
			);
			buildRules = (
			);
			dependencies = (
			);
			name = WeatherApp;
			productName = WeatherApp;
			productReference = AD1528F4276E8A46005AD926 /* WeatherApp.app */;
			productType = "com.apple.product-type.application";
		};
/* End PBXNativeTarget section */

/* Begin PBXProject section */
		AD1528EC276E8A46005AD926 /* Project object */ = {
			isa = PBXProject;
			attributes = {
				BuildIndependentTargetsInParallel = 1;
				LastSwiftUpdateCheck = 1300;
				LastUpgradeCheck = 1300;
				TargetAttributes = {
					AD1528F3276E8A46005AD926 = {
						CreatedOnToolsVersion = 13.0;
					};
				};
			};
			buildConfigurationList = AD1528EF276E8A46005AD926 /* Build configuration list for PBXProject "WeatherApp" */;
			compatibilityVersion = "Xcode 13.0";
			developmentRegion = en;
			hasScannedForEncodings = 0;
			knownRegions = (
				en,
				Base,
			);
			mainGroup = AD1528EB276E8A46005AD926;
			productRefGroup = AD1528F5276E8A46005AD926 /* Products */;
			projectDirPath = "";
			projectRoot = "";
			targets = (
				AD1528F3276E8A46005AD926 /* WeatherApp */,
			);
		};
/* End PBXProject section */

/* Begin PBXResourcesBuildPhase section */
		AD1528F2276E8A46005AD926 /* Resources */ = {
			isa = PBXResourcesBuildPhase;
			buildActionMask = 2147483647;
			files = (
				AD3A692827F7AC0000B73D5C /* Main.storyboard in Resources */,
				AD152904276E8A4A005AD926 /* LaunchScreen.storyboard in Resources */,
				AD152901276E8A4A005AD926 /* Assets.xcassets in Resources */,
			);
			runOnlyForDeploymentPostprocessing = 0;
		};
/* End PBXResourcesBuildPhase section */

/* Begin PBXShellScriptBuildPhase section */
		4E69ECB79C8F6169F63B76D5 /* [CP] Embed Pods Frameworks */ = {
			isa = PBXShellScriptBuildPhase;
			buildActionMask = 2147483647;
			files = (
			);
			inputFileListPaths = (
				"${PODS_ROOT}/Target Support Files/Pods-WeatherApp/Pods-WeatherApp-frameworks-${CONFIGURATION}-input-files.xcfilelist",
			);
			name = "[CP] Embed Pods Frameworks";
			outputFileListPaths = (
				"${PODS_ROOT}/Target Support Files/Pods-WeatherApp/Pods-WeatherApp-frameworks-${CONFIGURATION}-output-files.xcfilelist",
			);
			runOnlyForDeploymentPostprocessing = 0;
			shellPath = /bin/sh;
			shellScript = "\"${PODS_ROOT}/Target Support Files/Pods-WeatherApp/Pods-WeatherApp-frameworks.sh\"\n";
			showEnvVarsInLog = 0;
		};
		ADA42D80D1B26CA9AE8C3820 /* [CP] Check Pods Manifest.lock */ = {
			isa = PBXShellScriptBuildPhase;
			buildActionMask = 2147483647;
			files = (
			);
			inputFileListPaths = (
			);
			inputPaths = (
				"${PODS_PODFILE_DIR_PATH}/Podfile.lock",
				"${PODS_ROOT}/Manifest.lock",
			);
			name = "[CP] Check Pods Manifest.lock";
			outputFileListPaths = (
			);
			outputPaths = (
				"$(DERIVED_FILE_DIR)/Pods-WeatherApp-checkManifestLockResult.txt",
			);
			runOnlyForDeploymentPostprocessing = 0;
			shellPath = /bin/sh;
			shellScript = "diff \"${PODS_PODFILE_DIR_PATH}/Podfile.lock\" \"${PODS_ROOT}/Manifest.lock\" > /dev/null\nif [ $? != 0 ] ; then\n    # print error to STDERR\n    echo \"error: The sandbox is not in sync with the Podfile.lock. Run 'pod install' or update your CocoaPods installation.\" >&2\n    exit 1\nfi\n# This output is used by Xcode 'outputs' to avoid re-running this script phase.\necho \"SUCCESS\" > \"${SCRIPT_OUTPUT_FILE_0}\"\n";
			showEnvVarsInLog = 0;
		};
/* End PBXShellScriptBuildPhase section */

/* Begin PBXSourcesBuildPhase section */
		AD1528F0276E8A46005AD926 /* Sources */ = {
			isa = PBXSourcesBuildPhase;
			buildActionMask = 2147483647;
			files = (
				AD152912276E8B3A005AD926 /* NetworkManager.swift in Sources */,
				AD1528FC276E8A46005AD926 /* WeatherViewController.swift in Sources */,
				AD1528F8276E8A46005AD926 /* AppDelegate.swift in Sources */,
				AD41BEEE2778FC2900715E6C /* StorageManager.swift in Sources */,
				AD1528FA276E8A46005AD926 /* SceneDelegate.swift in Sources */,
				AD41BEEB2778FB9700715E6C /* CitiesList.xcdatamodeld in Sources */,
				AD6EF65D2773B1BE0054CB79 /* Cities.swift in Sources */,
				AD152916277126B4005AD926 /* CityChooseViewController.swift in Sources */,
				AD152914276E8BAE005AD926 /* Weather.swift in Sources */,
			);
			runOnlyForDeploymentPostprocessing = 0;
		};
/* End PBXSourcesBuildPhase section */

/* Begin PBXVariantGroup section */
		AD1528FD276E8A46005AD926 /* Main.storyboard */ = {
			isa = PBXVariantGroup;
			children = (
				AD1528FE276E8A46005AD926 /* Base */,
			);
			name = Main.storyboard;
			sourceTree = "<group>";
		};
		AD152902276E8A4A005AD926 /* LaunchScreen.storyboard */ = {
			isa = PBXVariantGroup;
			children = (
				AD152903276E8A4A005AD926 /* Base */,
			);
			name = LaunchScreen.storyboard;
			sourceTree = "<group>";
		};
/* End PBXVariantGroup section */

/* Begin XCBuildConfiguration section */
		AD152906276E8A4A005AD926 /* Debug */ = {
			isa = XCBuildConfiguration;
			buildSettings = {
				ALWAYS_SEARCH_USER_PATHS = NO;
				CLANG_ANALYZER_NONNULL = YES;
				CLANG_ANALYZER_NUMBER_OBJECT_CONVERSION = YES_AGGRESSIVE;
				CLANG_CXX_LANGUAGE_STANDARD = "gnu++17";
				CLANG_CXX_LIBRARY = "libc++";
				CLANG_ENABLE_MODULES = YES;
				CLANG_ENABLE_OBJC_ARC = YES;
				CLANG_ENABLE_OBJC_WEAK = YES;
				CLANG_WARN_BLOCK_CAPTURE_AUTORELEASING = YES;
				CLANG_WARN_BOOL_CONVERSION = YES;
				CLANG_WARN_COMMA = YES;
				CLANG_WARN_CONSTANT_CONVERSION = YES;
				CLANG_WARN_DEPRECATED_OBJC_IMPLEMENTATIONS = YES;
				CLANG_WARN_DIRECT_OBJC_ISA_USAGE = YES_ERROR;
				CLANG_WARN_DOCUMENTATION_COMMENTS = YES;
				CLANG_WARN_EMPTY_BODY = YES;
				CLANG_WARN_ENUM_CONVERSION = YES;
				CLANG_WARN_INFINITE_RECURSION = YES;
				CLANG_WARN_INT_CONVERSION = YES;
				CLANG_WARN_NON_LITERAL_NULL_CONVERSION = YES;
				CLANG_WARN_OBJC_IMPLICIT_RETAIN_SELF = YES;
				CLANG_WARN_OBJC_LITERAL_CONVERSION = YES;
				CLANG_WARN_OBJC_ROOT_CLASS = YES_ERROR;
				CLANG_WARN_QUOTED_INCLUDE_IN_FRAMEWORK_HEADER = YES;
				CLANG_WARN_RANGE_LOOP_ANALYSIS = YES;
				CLANG_WARN_STRICT_PROTOTYPES = YES;
				CLANG_WARN_SUSPICIOUS_MOVE = YES;
				CLANG_WARN_UNGUARDED_AVAILABILITY = YES_AGGRESSIVE;
				CLANG_WARN_UNREACHABLE_CODE = YES;
				CLANG_WARN__DUPLICATE_METHOD_MATCH = YES;
				COPY_PHASE_STRIP = NO;
				DEBUG_INFORMATION_FORMAT = dwarf;
				ENABLE_STRICT_OBJC_MSGSEND = YES;
				ENABLE_TESTABILITY = YES;
				GCC_C_LANGUAGE_STANDARD = gnu11;
				GCC_DYNAMIC_NO_PIC = NO;
				GCC_NO_COMMON_BLOCKS = YES;
				GCC_OPTIMIZATION_LEVEL = 0;
				GCC_PREPROCESSOR_DEFINITIONS = (
					"DEBUG=1",
					"$(inherited)",
				);
				GCC_WARN_64_TO_32_BIT_CONVERSION = YES;
				GCC_WARN_ABOUT_RETURN_TYPE = YES_ERROR;
				GCC_WARN_UNDECLARED_SELECTOR = YES;
				GCC_WARN_UNINITIALIZED_AUTOS = YES_AGGRESSIVE;
				GCC_WARN_UNUSED_FUNCTION = YES;
				GCC_WARN_UNUSED_VARIABLE = YES;
				IPHONEOS_DEPLOYMENT_TARGET = 15.0;
				MTL_ENABLE_DEBUG_INFO = INCLUDE_SOURCE;
				MTL_FAST_MATH = YES;
				ONLY_ACTIVE_ARCH = YES;
				SDKROOT = iphoneos;
				SWIFT_ACTIVE_COMPILATION_CONDITIONS = DEBUG;
				SWIFT_OPTIMIZATION_LEVEL = "-Onone";
			};
			name = Debug;
		};
		AD152907276E8A4A005AD926 /* Release */ = {
			isa = XCBuildConfiguration;
			buildSettings = {
				ALWAYS_SEARCH_USER_PATHS = NO;
				CLANG_ANALYZER_NONNULL = YES;
				CLANG_ANALYZER_NUMBER_OBJECT_CONVERSION = YES_AGGRESSIVE;
				CLANG_CXX_LANGUAGE_STANDARD = "gnu++17";
				CLANG_CXX_LIBRARY = "libc++";
				CLANG_ENABLE_MODULES = YES;
				CLANG_ENABLE_OBJC_ARC = YES;
				CLANG_ENABLE_OBJC_WEAK = YES;
				CLANG_WARN_BLOCK_CAPTURE_AUTORELEASING = YES;
				CLANG_WARN_BOOL_CONVERSION = YES;
				CLANG_WARN_COMMA = YES;
				CLANG_WARN_CONSTANT_CONVERSION = YES;
				CLANG_WARN_DEPRECATED_OBJC_IMPLEMENTATIONS = YES;
				CLANG_WARN_DIRECT_OBJC_ISA_USAGE = YES_ERROR;
				CLANG_WARN_DOCUMENTATION_COMMENTS = YES;
				CLANG_WARN_EMPTY_BODY = YES;
				CLANG_WARN_ENUM_CONVERSION = YES;
				CLANG_WARN_INFINITE_RECURSION = YES;
				CLANG_WARN_INT_CONVERSION = YES;
				CLANG_WARN_NON_LITERAL_NULL_CONVERSION = YES;
				CLANG_WARN_OBJC_IMPLICIT_RETAIN_SELF = YES;
				CLANG_WARN_OBJC_LITERAL_CONVERSION = YES;
				CLANG_WARN_OBJC_ROOT_CLASS = YES_ERROR;
				CLANG_WARN_QUOTED_INCLUDE_IN_FRAMEWORK_HEADER = YES;
				CLANG_WARN_RANGE_LOOP_ANALYSIS = YES;
				CLANG_WARN_STRICT_PROTOTYPES = YES;
				CLANG_WARN_SUSPICIOUS_MOVE = YES;
				CLANG_WARN_UNGUARDED_AVAILABILITY = YES_AGGRESSIVE;
				CLANG_WARN_UNREACHABLE_CODE = YES;
				CLANG_WARN__DUPLICATE_METHOD_MATCH = YES;
				COPY_PHASE_STRIP = NO;
				DEBUG_INFORMATION_FORMAT = "dwarf-with-dsym";
				ENABLE_NS_ASSERTIONS = NO;
				ENABLE_STRICT_OBJC_MSGSEND = YES;
				GCC_C_LANGUAGE_STANDARD = gnu11;
				GCC_NO_COMMON_BLOCKS = YES;
				GCC_WARN_64_TO_32_BIT_CONVERSION = YES;
				GCC_WARN_ABOUT_RETURN_TYPE = YES_ERROR;
				GCC_WARN_UNDECLARED_SELECTOR = YES;
				GCC_WARN_UNINITIALIZED_AUTOS = YES_AGGRESSIVE;
				GCC_WARN_UNUSED_FUNCTION = YES;
				GCC_WARN_UNUSED_VARIABLE = YES;
				IPHONEOS_DEPLOYMENT_TARGET = 15.0;
				MTL_ENABLE_DEBUG_INFO = NO;
				MTL_FAST_MATH = YES;
				SDKROOT = iphoneos;
				SWIFT_COMPILATION_MODE = wholemodule;
				SWIFT_OPTIMIZATION_LEVEL = "-O";
				VALIDATE_PRODUCT = YES;
			};
			name = Release;
		};
		AD152909276E8A4A005AD926 /* Debug */ = {
			isa = XCBuildConfiguration;
			baseConfigurationReference = 6C206214DCA8C55B0BE3B322 /* Pods-WeatherApp.debug.xcconfig */;
			buildSettings = {
				ASSETCATALOG_COMPILER_APPICON_NAME = AppIcon;
				ASSETCATALOG_COMPILER_GLOBAL_ACCENT_COLOR_NAME = AccentColor;
				CODE_SIGN_STYLE = Automatic;
				CURRENT_PROJECT_VERSION = 1;
				DEVELOPMENT_TEAM = RGKK797JHY;
				GENERATE_INFOPLIST_FILE = YES;
				INFOPLIST_FILE = WeatherApp/App/Info.plist;
				INFOPLIST_KEY_UIApplicationSupportsIndirectInputEvents = YES;
				INFOPLIST_KEY_UILaunchStoryboardName = LaunchScreen;
				INFOPLIST_KEY_UIMainStoryboardFile = Main;
				INFOPLIST_KEY_UISupportedInterfaceOrientations_iPad = "UIInterfaceOrientationPortrait UIInterfaceOrientationPortraitUpsideDown UIInterfaceOrientationLandscapeLeft UIInterfaceOrientationLandscapeRight";
				INFOPLIST_KEY_UISupportedInterfaceOrientations_iPhone = "UIInterfaceOrientationPortrait UIInterfaceOrientationLandscapeLeft UIInterfaceOrientationLandscapeRight";
				LD_RUNPATH_SEARCH_PATHS = (
					"$(inherited)",
					"@executable_path/Frameworks",
				);
				MARKETING_VERSION = 1.0;
				PRODUCT_BUNDLE_IDENTIFIER = raul.WeatherApp;
				PRODUCT_NAME = "$(TARGET_NAME)";
				SWIFT_EMIT_LOC_STRINGS = YES;
				SWIFT_VERSION = 5.0;
				TARGETED_DEVICE_FAMILY = "1,2";
			};
			name = Debug;
		};
		AD15290A276E8A4A005AD926 /* Release */ = {
			isa = XCBuildConfiguration;
			baseConfigurationReference = 51EABB9994A9A7C913844F74 /* Pods-WeatherApp.release.xcconfig */;
			buildSettings = {
				ASSETCATALOG_COMPILER_APPICON_NAME = AppIcon;
				ASSETCATALOG_COMPILER_GLOBAL_ACCENT_COLOR_NAME = AccentColor;
				CODE_SIGN_STYLE = Automatic;
				CURRENT_PROJECT_VERSION = 1;
				DEVELOPMENT_TEAM = RGKK797JHY;
				GENERATE_INFOPLIST_FILE = YES;
				INFOPLIST_FILE = WeatherApp/App/Info.plist;
				INFOPLIST_KEY_UIApplicationSupportsIndirectInputEvents = YES;
				INFOPLIST_KEY_UILaunchStoryboardName = LaunchScreen;
				INFOPLIST_KEY_UIMainStoryboardFile = Main;
				INFOPLIST_KEY_UISupportedInterfaceOrientations_iPad = "UIInterfaceOrientationPortrait UIInterfaceOrientationPortraitUpsideDown UIInterfaceOrientationLandscapeLeft UIInterfaceOrientationLandscapeRight";
				INFOPLIST_KEY_UISupportedInterfaceOrientations_iPhone = "UIInterfaceOrientationPortrait UIInterfaceOrientationLandscapeLeft UIInterfaceOrientationLandscapeRight";
				LD_RUNPATH_SEARCH_PATHS = (
					"$(inherited)",
					"@executable_path/Frameworks",
				);
				MARKETING_VERSION = 1.0;
				PRODUCT_BUNDLE_IDENTIFIER = raul.WeatherApp;
				PRODUCT_NAME = "$(TARGET_NAME)";
				SWIFT_EMIT_LOC_STRINGS = YES;
				SWIFT_VERSION = 5.0;
				TARGETED_DEVICE_FAMILY = "1,2";
			};
			name = Release;
		};
/* End XCBuildConfiguration section */

/* Begin XCConfigurationList section */
		AD1528EF276E8A46005AD926 /* Build configuration list for PBXProject "WeatherApp" */ = {
			isa = XCConfigurationList;
			buildConfigurations = (
				AD152906276E8A4A005AD926 /* Debug */,
				AD152907276E8A4A005AD926 /* Release */,
			);
			defaultConfigurationIsVisible = 0;
			defaultConfigurationName = Release;
		};
		AD152908276E8A4A005AD926 /* Build configuration list for PBXNativeTarget "WeatherApp" */ = {
			isa = XCConfigurationList;
			buildConfigurations = (
				AD152909276E8A4A005AD926 /* Debug */,
				AD15290A276E8A4A005AD926 /* Release */,
			);
			defaultConfigurationIsVisible = 0;
			defaultConfigurationName = Release;
		};
/* End XCConfigurationList section */

/* Begin XCVersionGroup section */
		AD41BEE92778FB9700715E6C /* CitiesList.xcdatamodeld */ = {
			isa = XCVersionGroup;
			children = (
				AD41BEEA2778FB9700715E6C /* CitiesList.xcdatamodel */,
			);
			currentVersion = AD41BEEA2778FB9700715E6C /* CitiesList.xcdatamodel */;
			path = CitiesList.xcdatamodeld;
			sourceTree = "<group>";
			versionGroupType = wrapper.xcdatamodel;
		};
/* End XCVersionGroup section */
	};
	rootObject = AD1528EC276E8A46005AD926 /* Project object */;
}
